// !$*UTF8*$!
{
	archiveVersion = 1;
	classes = {
	};
	objectVersion = 46;
	objects = {

/* Begin PBXBuildFile section */
		05B4DC265BDFF45F444E383D /* Pods_KevCodexIOSTests.framework in Frameworks */ = {isa = PBXBuildFile; fileRef = F933B0E4392F61695BCE6056 /* Pods_KevCodexIOSTests.framework */; };
		0A0114B3220E4AEC00F0581B /* StoryboardInitializable.swift in Sources */ = {isa = PBXBuildFile; fileRef = 0A0114B2220E4AEC00F0581B /* StoryboardInitializable.swift */; };
		0A0114B5220E4B2A00F0581B /* Authentication.storyboard in Resources */ = {isa = PBXBuildFile; fileRef = 0A0114B4220E4B2A00F0581B /* Authentication.storyboard */; };
		0A0114BA220E4ECC00F0581B /* App.swift in Sources */ = {isa = PBXBuildFile; fileRef = 0A0114B8220E4ECC00F0581B /* App.swift */; };
		0A0114BB220E4ECC00F0581B /* AppCoordinator.swift in Sources */ = {isa = PBXBuildFile; fileRef = 0A0114B9220E4ECC00F0581B /* AppCoordinator.swift */; };
		0A0114BE220E514B00F0581B /* LoginViewController.swift in Sources */ = {isa = PBXBuildFile; fileRef = 0A0114BD220E514B00F0581B /* LoginViewController.swift */; };
		0A0114C4220F495600F0581B /* ProjectDetailTransitioner.swift in Sources */ = {isa = PBXBuildFile; fileRef = 0A0114C3220F495600F0581B /* ProjectDetailTransitioner.swift */; };
		0A0114C6220F50CC00F0581B /* ProjectCoordinator.swift in Sources */ = {isa = PBXBuildFile; fileRef = 0A0114C5220F50CC00F0581B /* ProjectCoordinator.swift */; };
		0A0114C8220F546A00F0581B /* Coordinator.swift in Sources */ = {isa = PBXBuildFile; fileRef = 0A0114C7220F546A00F0581B /* Coordinator.swift */; };
		0A0114CA220F5C2E00F0581B /* CoordinatorWithChildren.swift in Sources */ = {isa = PBXBuildFile; fileRef = 0A0114C9220F5C2E00F0581B /* CoordinatorWithChildren.swift */; };
		0A0117092211ED3300F0581B /* AuthenticationNetworkRequest.swift in Sources */ = {isa = PBXBuildFile; fileRef = 0A0117082211ED3300F0581B /* AuthenticationNetworkRequest.swift */; };
		0A5AF30E220A75840093A77A /* ProjectsNetworkRequest.swift in Sources */ = {isa = PBXBuildFile; fileRef = 0A5AF30D220A75840093A77A /* ProjectsNetworkRequest.swift */; };
		0A5AF311220A7B4B0093A77A /* Project.swift in Sources */ = {isa = PBXBuildFile; fileRef = 0A5AF310220A7B4B0093A77A /* Project.swift */; };
		0A78F013221340A200386DE8 /* MainCoordinator.swift in Sources */ = {isa = PBXBuildFile; fileRef = 0A78F012221340A200386DE8 /* MainCoordinator.swift */; };
		0A78F01522134AC100386DE8 /* Main.storyboard in Resources */ = {isa = PBXBuildFile; fileRef = 0A78F01422134AC100386DE8 /* Main.storyboard */; };
		0A78F018221367EC00386DE8 /* MainTabBarController.swift in Sources */ = {isa = PBXBuildFile; fileRef = 0A78F017221367EC00386DE8 /* MainTabBarController.swift */; };
		0A78F01A22139F0D00386DE8 /* AccessToken.swift in Sources */ = {isa = PBXBuildFile; fileRef = 0A78F01922139F0D00386DE8 /* AccessToken.swift */; };
		0A78F01C2213D4AC00386DE8 /* StoryboardNavigationInitializable.swift in Sources */ = {isa = PBXBuildFile; fileRef = 0A78F01B2213D4AC00386DE8 /* StoryboardNavigationInitializable.swift */; };
		0A78F01E22148ADB00386DE8 /* UIViewController+Extensions.swift in Sources */ = {isa = PBXBuildFile; fileRef = 0A78F01D22148ADB00386DE8 /* UIViewController+Extensions.swift */; };
		0A78F47C2214DA0300386DE8 /* ProjectEditorViewController.swift in Sources */ = {isa = PBXBuildFile; fileRef = 0A78F47B2214DA0300386DE8 /* ProjectEditorViewController.swift */; };
		0AC4ACEA221619F900547754 /* CustomTextView.swift in Sources */ = {isa = PBXBuildFile; fileRef = 0AC4ACE9221619F900547754 /* CustomTextView.swift */; };
		0ACA680D2211F1E600CF6BA1 /* String+NonEmpty.swift in Sources */ = {isa = PBXBuildFile; fileRef = 0ACA680C2211F1E600CF6BA1 /* String+NonEmpty.swift */; };
		0ACA680F2212201F00CF6BA1 /* User.swift in Sources */ = {isa = PBXBuildFile; fileRef = 0ACA680E2212201F00CF6BA1 /* User.swift */; };
		0ACA68112212215E00CF6BA1 /* Thread+PerformOnMain.swift in Sources */ = {isa = PBXBuildFile; fileRef = 0ACA68102212215E00CF6BA1 /* Thread+PerformOnMain.swift */; };
		0ACA6813221227BD00CF6BA1 /* AuthenticationWorker.swift in Sources */ = {isa = PBXBuildFile; fileRef = 0ACA6812221227BD00CF6BA1 /* AuthenticationWorker.swift */; };
		0ACA6815221231D400CF6BA1 /* Credentials.swift in Sources */ = {isa = PBXBuildFile; fileRef = 0ACA6814221231D400CF6BA1 /* Credentials.swift */; };
		0ACA681722126DE200CF6BA1 /* ProjectWorker.swift in Sources */ = {isa = PBXBuildFile; fileRef = 0ACA681622126DE200CF6BA1 /* ProjectWorker.swift */; };
		2318D92C2690299D3BE17541 /* Pods_KevCodexIOS.framework in Frameworks */ = {isa = PBXBuildFile; fileRef = 8069F4A72C22F674868B6455 /* Pods_KevCodexIOS.framework */; };
		4E884EAA1EFC7EDE00A19C5F /* AppDelegate.swift in Sources */ = {isa = PBXBuildFile; fileRef = 4E884EA91EFC7EDE00A19C5F /* AppDelegate.swift */; };
		4E884EAF1EFC7EDE00A19C5F /* Project.storyboard in Resources */ = {isa = PBXBuildFile; fileRef = 4E884EAD1EFC7EDE00A19C5F /* Project.storyboard */; };
		4E884EB11EFC7EDE00A19C5F /* Assets.xcassets in Resources */ = {isa = PBXBuildFile; fileRef = 4E884EB01EFC7EDE00A19C5F /* Assets.xcassets */; };
		4E884EB41EFC7EDE00A19C5F /* LaunchScreen.storyboard in Resources */ = {isa = PBXBuildFile; fileRef = 4E884EB21EFC7EDE00A19C5F /* LaunchScreen.storyboard */; };
		4E884EBF1EFC7EDE00A19C5F /* KevCodexIOSTests.swift in Sources */ = {isa = PBXBuildFile; fileRef = 4E884EBE1EFC7EDE00A19C5F /* KevCodexIOSTests.swift */; };
		4E884EE11EFC7F4D00A19C5F /* CustomDismissController.swift in Sources */ = {isa = PBXBuildFile; fileRef = 4E884ECB1EFC7F4D00A19C5F /* CustomDismissController.swift */; };
		4E884EE21EFC7F4D00A19C5F /* CustomTransitionController.swift in Sources */ = {isa = PBXBuildFile; fileRef = 4E884ECC1EFC7F4D00A19C5F /* CustomTransitionController.swift */; };
		4E884EE31EFC7F4D00A19C5F /* ProjectDetailsViewController.swift in Sources */ = {isa = PBXBuildFile; fileRef = 4E884ECD1EFC7F4D00A19C5F /* ProjectDetailsViewController.swift */; };
		4E884EE41EFC7F4D00A19C5F /* ProjectFeedCell.swift in Sources */ = {isa = PBXBuildFile; fileRef = 4E884ECE1EFC7F4D00A19C5F /* ProjectFeedCell.swift */; };
		4E884EE51EFC7F4D00A19C5F /* ProjectListViewController.swift in Sources */ = {isa = PBXBuildFile; fileRef = 4E884ECF1EFC7F4D00A19C5F /* ProjectListViewController.swift */; };
		4E884EE61EFC7F4D00A19C5F /* UIImage+Extensions.swift in Sources */ = {isa = PBXBuildFile; fileRef = 4E884ED11EFC7F4D00A19C5F /* UIImage+Extensions.swift */; };
		4E884EE71EFC7F4D00A19C5F /* ActivityIndicatorPresenter.swift in Sources */ = {isa = PBXBuildFile; fileRef = 4E884ED31EFC7F4D00A19C5F /* ActivityIndicatorPresenter.swift */; };
		4E884EEE1EFC7F4D00A19C5F /* Result.swift in Sources */ = {isa = PBXBuildFile; fileRef = 4E884EDB1EFC7F4D00A19C5F /* Result.swift */; };
		4E884EF11EFC7F4D00A19C5F /* ActivityProgressHud.swift in Sources */ = {isa = PBXBuildFile; fileRef = 4E884EE01EFC7F4D00A19C5F /* ActivityProgressHud.swift */; };
		844B14B61FFAAB3200D94C04 /* ImageLoaderError.swift in Sources */ = {isa = PBXBuildFile; fileRef = 844B14B51FFAAB3200D94C04 /* ImageLoaderError.swift */; };
		84FFE6DF1FFA951700F35B9E /* ImageLoader.swift in Sources */ = {isa = PBXBuildFile; fileRef = 84FFE6DE1FFA951700F35B9E /* ImageLoader.swift */; };
/* End PBXBuildFile section */

/* Begin PBXContainerItemProxy section */
		4E884EBB1EFC7EDE00A19C5F /* PBXContainerItemProxy */ = {
			isa = PBXContainerItemProxy;
			containerPortal = 4E884E9E1EFC7EDE00A19C5F /* Project object */;
			proxyType = 1;
			remoteGlobalIDString = 4E884EA51EFC7EDE00A19C5F;
			remoteInfo = SampleProject;
		};
/* End PBXContainerItemProxy section */

/* Begin PBXFileReference section */
		0A0114B2220E4AEC00F0581B /* StoryboardInitializable.swift */ = {isa = PBXFileReference; lastKnownFileType = sourcecode.swift; path = StoryboardInitializable.swift; sourceTree = "<group>"; };
		0A0114B4220E4B2A00F0581B /* Authentication.storyboard */ = {isa = PBXFileReference; lastKnownFileType = file.storyboard; path = Authentication.storyboard; sourceTree = "<group>"; };
		0A0114B8220E4ECC00F0581B /* App.swift */ = {isa = PBXFileReference; fileEncoding = 4; lastKnownFileType = sourcecode.swift; path = App.swift; sourceTree = "<group>"; };
		0A0114B9220E4ECC00F0581B /* AppCoordinator.swift */ = {isa = PBXFileReference; fileEncoding = 4; lastKnownFileType = sourcecode.swift; path = AppCoordinator.swift; sourceTree = "<group>"; };
		0A0114BD220E514B00F0581B /* LoginViewController.swift */ = {isa = PBXFileReference; lastKnownFileType = sourcecode.swift; path = LoginViewController.swift; sourceTree = "<group>"; };
		0A0114C3220F495600F0581B /* ProjectDetailTransitioner.swift */ = {isa = PBXFileReference; lastKnownFileType = sourcecode.swift; path = ProjectDetailTransitioner.swift; sourceTree = "<group>"; };
		0A0114C5220F50CC00F0581B /* ProjectCoordinator.swift */ = {isa = PBXFileReference; lastKnownFileType = sourcecode.swift; path = ProjectCoordinator.swift; sourceTree = "<group>"; };
		0A0114C7220F546A00F0581B /* Coordinator.swift */ = {isa = PBXFileReference; lastKnownFileType = sourcecode.swift; path = Coordinator.swift; sourceTree = "<group>"; };
		0A0114C9220F5C2E00F0581B /* CoordinatorWithChildren.swift */ = {isa = PBXFileReference; lastKnownFileType = sourcecode.swift; path = CoordinatorWithChildren.swift; sourceTree = "<group>"; };
		0A0117082211ED3300F0581B /* AuthenticationNetworkRequest.swift */ = {isa = PBXFileReference; lastKnownFileType = sourcecode.swift; path = AuthenticationNetworkRequest.swift; sourceTree = "<group>"; };
		0A5AF30D220A75840093A77A /* ProjectsNetworkRequest.swift */ = {isa = PBXFileReference; lastKnownFileType = sourcecode.swift; path = ProjectsNetworkRequest.swift; sourceTree = "<group>"; };
		0A5AF310220A7B4B0093A77A /* Project.swift */ = {isa = PBXFileReference; lastKnownFileType = sourcecode.swift; path = Project.swift; sourceTree = "<group>"; };
		0A78F012221340A200386DE8 /* MainCoordinator.swift */ = {isa = PBXFileReference; lastKnownFileType = sourcecode.swift; path = MainCoordinator.swift; sourceTree = "<group>"; };
		0A78F01422134AC100386DE8 /* Main.storyboard */ = {isa = PBXFileReference; lastKnownFileType = file.storyboard; path = Main.storyboard; sourceTree = "<group>"; };
		0A78F017221367EC00386DE8 /* MainTabBarController.swift */ = {isa = PBXFileReference; lastKnownFileType = sourcecode.swift; path = MainTabBarController.swift; sourceTree = "<group>"; };
		0A78F01922139F0D00386DE8 /* AccessToken.swift */ = {isa = PBXFileReference; lastKnownFileType = sourcecode.swift; path = AccessToken.swift; sourceTree = "<group>"; };
		0A78F01B2213D4AC00386DE8 /* StoryboardNavigationInitializable.swift */ = {isa = PBXFileReference; lastKnownFileType = sourcecode.swift; path = StoryboardNavigationInitializable.swift; sourceTree = "<group>"; };
		0A78F01D22148ADB00386DE8 /* UIViewController+Extensions.swift */ = {isa = PBXFileReference; lastKnownFileType = sourcecode.swift; path = "UIViewController+Extensions.swift"; sourceTree = "<group>"; };
		0A78F47B2214DA0300386DE8 /* ProjectEditorViewController.swift */ = {isa = PBXFileReference; lastKnownFileType = sourcecode.swift; path = ProjectEditorViewController.swift; sourceTree = "<group>"; };
		0AC4ACE9221619F900547754 /* CustomTextView.swift */ = {isa = PBXFileReference; lastKnownFileType = sourcecode.swift; path = CustomTextView.swift; sourceTree = "<group>"; };
		0ACA680C2211F1E600CF6BA1 /* String+NonEmpty.swift */ = {isa = PBXFileReference; lastKnownFileType = sourcecode.swift; path = "String+NonEmpty.swift"; sourceTree = "<group>"; };
		0ACA680E2212201F00CF6BA1 /* User.swift */ = {isa = PBXFileReference; lastKnownFileType = sourcecode.swift; path = User.swift; sourceTree = "<group>"; };
		0ACA68102212215E00CF6BA1 /* Thread+PerformOnMain.swift */ = {isa = PBXFileReference; lastKnownFileType = sourcecode.swift; path = "Thread+PerformOnMain.swift"; sourceTree = "<group>"; };
		0ACA6812221227BD00CF6BA1 /* AuthenticationWorker.swift */ = {isa = PBXFileReference; lastKnownFileType = sourcecode.swift; path = AuthenticationWorker.swift; sourceTree = "<group>"; };
		0ACA6814221231D400CF6BA1 /* Credentials.swift */ = {isa = PBXFileReference; lastKnownFileType = sourcecode.swift; path = Credentials.swift; sourceTree = "<group>"; };
		0ACA681622126DE200CF6BA1 /* ProjectWorker.swift */ = {isa = PBXFileReference; lastKnownFileType = sourcecode.swift; path = ProjectWorker.swift; sourceTree = "<group>"; };
		4E884EA61EFC7EDE00A19C5F /* KevCodexIOS.app */ = {isa = PBXFileReference; explicitFileType = wrapper.application; includeInIndex = 0; path = KevCodexIOS.app; sourceTree = BUILT_PRODUCTS_DIR; };
		4E884EA91EFC7EDE00A19C5F /* AppDelegate.swift */ = {isa = PBXFileReference; lastKnownFileType = sourcecode.swift; path = AppDelegate.swift; sourceTree = "<group>"; };
		4E884EAE1EFC7EDE00A19C5F /* Base */ = {isa = PBXFileReference; lastKnownFileType = file.storyboard; name = Base; path = Base.lproj/Project.storyboard; sourceTree = "<group>"; };
		4E884EB01EFC7EDE00A19C5F /* Assets.xcassets */ = {isa = PBXFileReference; lastKnownFileType = folder.assetcatalog; path = Assets.xcassets; sourceTree = "<group>"; };
		4E884EB31EFC7EDE00A19C5F /* Base */ = {isa = PBXFileReference; lastKnownFileType = file.storyboard; name = Base; path = Base.lproj/LaunchScreen.storyboard; sourceTree = "<group>"; };
		4E884EB51EFC7EDE00A19C5F /* Info.plist */ = {isa = PBXFileReference; lastKnownFileType = text.plist.xml; path = Info.plist; sourceTree = "<group>"; };
		4E884EBA1EFC7EDE00A19C5F /* KevCodexIOSTests.xctest */ = {isa = PBXFileReference; explicitFileType = wrapper.cfbundle; includeInIndex = 0; path = KevCodexIOSTests.xctest; sourceTree = BUILT_PRODUCTS_DIR; };
		4E884EBE1EFC7EDE00A19C5F /* KevCodexIOSTests.swift */ = {isa = PBXFileReference; lastKnownFileType = sourcecode.swift; path = KevCodexIOSTests.swift; sourceTree = "<group>"; };
		4E884EC01EFC7EDE00A19C5F /* Info.plist */ = {isa = PBXFileReference; lastKnownFileType = text.plist.xml; path = Info.plist; sourceTree = "<group>"; };
		4E884ECB1EFC7F4D00A19C5F /* CustomDismissController.swift */ = {isa = PBXFileReference; fileEncoding = 4; lastKnownFileType = sourcecode.swift; path = CustomDismissController.swift; sourceTree = "<group>"; };
		4E884ECC1EFC7F4D00A19C5F /* CustomTransitionController.swift */ = {isa = PBXFileReference; fileEncoding = 4; lastKnownFileType = sourcecode.swift; path = CustomTransitionController.swift; sourceTree = "<group>"; };
		4E884ECD1EFC7F4D00A19C5F /* ProjectDetailsViewController.swift */ = {isa = PBXFileReference; fileEncoding = 4; lastKnownFileType = sourcecode.swift; path = ProjectDetailsViewController.swift; sourceTree = "<group>"; };
		4E884ECE1EFC7F4D00A19C5F /* ProjectFeedCell.swift */ = {isa = PBXFileReference; fileEncoding = 4; lastKnownFileType = sourcecode.swift; path = ProjectFeedCell.swift; sourceTree = "<group>"; };
		4E884ECF1EFC7F4D00A19C5F /* ProjectListViewController.swift */ = {isa = PBXFileReference; fileEncoding = 4; lastKnownFileType = sourcecode.swift; path = ProjectListViewController.swift; sourceTree = "<group>"; };
		4E884ED11EFC7F4D00A19C5F /* UIImage+Extensions.swift */ = {isa = PBXFileReference; fileEncoding = 4; lastKnownFileType = sourcecode.swift; path = "UIImage+Extensions.swift"; sourceTree = "<group>"; };
		4E884ED31EFC7F4D00A19C5F /* ActivityIndicatorPresenter.swift */ = {isa = PBXFileReference; fileEncoding = 4; lastKnownFileType = sourcecode.swift; path = ActivityIndicatorPresenter.swift; sourceTree = "<group>"; };
		4E884ED41EFC7F4D00A19C5F /* NetworkAPI.swift */ = {isa = PBXFileReference; fileEncoding = 4; lastKnownFileType = sourcecode.swift; path = NetworkAPI.swift; sourceTree = "<group>"; };
		4E884ED51EFC7F4D00A19C5F /* NetworkClient.swift */ = {isa = PBXFileReference; fileEncoding = 4; lastKnownFileType = sourcecode.swift; path = NetworkClient.swift; sourceTree = "<group>"; };
		4E884ED61EFC7F4D00A19C5F /* NetworkError.swift */ = {isa = PBXFileReference; fileEncoding = 4; lastKnownFileType = sourcecode.swift; path = NetworkError.swift; sourceTree = "<group>"; };
		4E884ED71EFC7F4D00A19C5F /* LegacyNetworkRequest.swift */ = {isa = PBXFileReference; fileEncoding = 4; lastKnownFileType = sourcecode.swift; path = LegacyNetworkRequest.swift; sourceTree = "<group>"; };
		4E884ED91EFC7F4D00A19C5F /* JSONDecodable.swift */ = {isa = PBXFileReference; fileEncoding = 4; lastKnownFileType = sourcecode.swift; path = JSONDecodable.swift; sourceTree = "<group>"; };
		4E884EDA1EFC7F4D00A19C5F /* JSONDecodeError.swift */ = {isa = PBXFileReference; fileEncoding = 4; lastKnownFileType = sourcecode.swift; path = JSONDecodeError.swift; sourceTree = "<group>"; };
		4E884EDB1EFC7F4D00A19C5F /* Result.swift */ = {isa = PBXFileReference; fileEncoding = 4; lastKnownFileType = sourcecode.swift; path = Result.swift; sourceTree = "<group>"; };
		4E884EDD1EFC7F4D00A19C5F /* ObjectFeed.swift */ = {isa = PBXFileReference; fileEncoding = 4; lastKnownFileType = sourcecode.swift; path = ObjectFeed.swift; sourceTree = "<group>"; };
		4E884EDE1EFC7F4D00A19C5F /* NetworkSearchResponse.swift */ = {isa = PBXFileReference; fileEncoding = 4; lastKnownFileType = sourcecode.swift; path = NetworkSearchResponse.swift; sourceTree = "<group>"; };
		4E884EE01EFC7F4D00A19C5F /* ActivityProgressHud.swift */ = {isa = PBXFileReference; fileEncoding = 4; lastKnownFileType = sourcecode.swift; path = ActivityProgressHud.swift; sourceTree = "<group>"; };
		5E5D77E3F1C0C7FFCB5D5923 /* Pods-KevCodexIOSTests.release.xcconfig */ = {isa = PBXFileReference; includeInIndex = 1; lastKnownFileType = text.xcconfig; name = "Pods-KevCodexIOSTests.release.xcconfig"; path = "Pods/Target Support Files/Pods-KevCodexIOSTests/Pods-KevCodexIOSTests.release.xcconfig"; sourceTree = "<group>"; };
		8069F4A72C22F674868B6455 /* Pods_KevCodexIOS.framework */ = {isa = PBXFileReference; explicitFileType = wrapper.framework; includeInIndex = 0; path = Pods_KevCodexIOS.framework; sourceTree = BUILT_PRODUCTS_DIR; };
		844B14B51FFAAB3200D94C04 /* ImageLoaderError.swift */ = {isa = PBXFileReference; lastKnownFileType = sourcecode.swift; path = ImageLoaderError.swift; sourceTree = "<group>"; };
		84FFE6DE1FFA951700F35B9E /* ImageLoader.swift */ = {isa = PBXFileReference; lastKnownFileType = sourcecode.swift; path = ImageLoader.swift; sourceTree = "<group>"; };
		A45217BA98B915EA8ED66D42 /* Pods-KevCodexIOS.debug.xcconfig */ = {isa = PBXFileReference; includeInIndex = 1; lastKnownFileType = text.xcconfig; name = "Pods-KevCodexIOS.debug.xcconfig"; path = "Pods/Target Support Files/Pods-KevCodexIOS/Pods-KevCodexIOS.debug.xcconfig"; sourceTree = "<group>"; };
		D04318F58AF4FA3AC8221C0B /* Pods-KevCodexIOS.release.xcconfig */ = {isa = PBXFileReference; includeInIndex = 1; lastKnownFileType = text.xcconfig; name = "Pods-KevCodexIOS.release.xcconfig"; path = "Pods/Target Support Files/Pods-KevCodexIOS/Pods-KevCodexIOS.release.xcconfig"; sourceTree = "<group>"; };
		DE7516479304D850624BF10B /* Pods-KevCodexIOSTests.debug.xcconfig */ = {isa = PBXFileReference; includeInIndex = 1; lastKnownFileType = text.xcconfig; name = "Pods-KevCodexIOSTests.debug.xcconfig"; path = "Pods/Target Support Files/Pods-KevCodexIOSTests/Pods-KevCodexIOSTests.debug.xcconfig"; sourceTree = "<group>"; };
		F933B0E4392F61695BCE6056 /* Pods_KevCodexIOSTests.framework */ = {isa = PBXFileReference; explicitFileType = wrapper.framework; includeInIndex = 0; path = Pods_KevCodexIOSTests.framework; sourceTree = BUILT_PRODUCTS_DIR; };
/* End PBXFileReference section */

/* Begin PBXFrameworksBuildPhase section */
		4E884EA31EFC7EDE00A19C5F /* Frameworks */ = {
			isa = PBXFrameworksBuildPhase;
			buildActionMask = 2147483647;
			files = (
				2318D92C2690299D3BE17541 /* Pods_KevCodexIOS.framework in Frameworks */,
			);
			runOnlyForDeploymentPostprocessing = 0;
		};
		4E884EB71EFC7EDE00A19C5F /* Frameworks */ = {
			isa = PBXFrameworksBuildPhase;
			buildActionMask = 2147483647;
			files = (
				05B4DC265BDFF45F444E383D /* Pods_KevCodexIOSTests.framework in Frameworks */,
			);
			runOnlyForDeploymentPostprocessing = 0;
		};
/* End PBXFrameworksBuildPhase section */

/* Begin PBXGroup section */
		0A0114B1220E4AA700F0581B /* Utilities */ = {
			isa = PBXGroup;
			children = (
				0A0114B2220E4AEC00F0581B /* StoryboardInitializable.swift */,
				0A78F01B2213D4AC00386DE8 /* StoryboardNavigationInitializable.swift */,
				4E884EDB1EFC7F4D00A19C5F /* Result.swift */,
				0A0114CB220F5C3F00F0581B /* Coordinator */,
				4E884ED01EFC7F4D00A19C5F /* Extensions */,
				0A0114C2220E639E00F0581B /* CustomTransitions */,
			);
			path = Utilities;
			sourceTree = "<group>";
		};
		0A0114B7220E4EB000F0581B /* App */ = {
			isa = PBXGroup;
			children = (
				0A0114B8220E4ECC00F0581B /* App.swift */,
				0A0114B9220E4ECC00F0581B /* AppCoordinator.swift */,
				4E884EA91EFC7EDE00A19C5F /* AppDelegate.swift */,
			);
			path = App;
			sourceTree = "<group>";
		};
		0A0114BC220E4F9C00F0581B /* Authentication */ = {
			isa = PBXGroup;
			children = (
				0A0114B4220E4B2A00F0581B /* Authentication.storyboard */,
				0A0114BD220E514B00F0581B /* LoginViewController.swift */,
				0ACA6812221227BD00CF6BA1 /* AuthenticationWorker.swift */,
				0ACA680E2212201F00CF6BA1 /* User.swift */,
				0A78F01922139F0D00386DE8 /* AccessToken.swift */,
				0ACA6814221231D400CF6BA1 /* Credentials.swift */,
			);
			path = Authentication;
			sourceTree = "<group>";
		};
		0A0114BF220E60AF00F0581B /* Features */ = {
			isa = PBXGroup;
			children = (
				0A78F016221367CD00386DE8 /* Main */,
				4E884ECA1EFC7F4D00A19C5F /* Project */,
				0A0114BC220E4F9C00F0581B /* Authentication */,
			);
			path = Features;
			sourceTree = "<group>";
		};
		0A0114C2220E639E00F0581B /* CustomTransitions */ = {
			isa = PBXGroup;
			children = (
				4E884ECB1EFC7F4D00A19C5F /* CustomDismissController.swift */,
				4E884ECC1EFC7F4D00A19C5F /* CustomTransitionController.swift */,
			);
			path = CustomTransitions;
			sourceTree = "<group>";
		};
		0A0114CB220F5C3F00F0581B /* Coordinator */ = {
			isa = PBXGroup;
			children = (
				0A0114C7220F546A00F0581B /* Coordinator.swift */,
				0A0114C9220F5C2E00F0581B /* CoordinatorWithChildren.swift */,
			);
			path = Coordinator;
			sourceTree = "<group>";
		};
		0A5AF30C220A69FD0093A77A /* LegacyNetworkLayer */ = {
			isa = PBXGroup;
			children = (
				4E884ED41EFC7F4D00A19C5F /* NetworkAPI.swift */,
				4E884ED51EFC7F4D00A19C5F /* NetworkClient.swift */,
				4E884ED61EFC7F4D00A19C5F /* NetworkError.swift */,
				4E884ED71EFC7F4D00A19C5F /* LegacyNetworkRequest.swift */,
				4E884ED91EFC7F4D00A19C5F /* JSONDecodable.swift */,
				4E884EDA1EFC7F4D00A19C5F /* JSONDecodeError.swift */,
				4E884EDE1EFC7F4D00A19C5F /* NetworkSearchResponse.swift */,
				4E884EDD1EFC7F4D00A19C5F /* ObjectFeed.swift */,
			);
			path = LegacyNetworkLayer;
			sourceTree = "<group>";
		};
		0A5AF30F220A758C0093A77A /* Networking */ = {
			isa = PBXGroup;
			children = (
				0A5AF30D220A75840093A77A /* ProjectsNetworkRequest.swift */,
				0A0117082211ED3300F0581B /* AuthenticationNetworkRequest.swift */,
			);
			path = Networking;
			sourceTree = "<group>";
		};
		0A78F016221367CD00386DE8 /* Main */ = {
			isa = PBXGroup;
			children = (
				0A78F01422134AC100386DE8 /* Main.storyboard */,
				0A78F012221340A200386DE8 /* MainCoordinator.swift */,
				0A78F017221367EC00386DE8 /* MainTabBarController.swift */,
			);
			path = Main;
			sourceTree = "<group>";
		};
		0CC3A2172F1A1E45A71A942F /* Frameworks */ = {
			isa = PBXGroup;
			children = (
				8069F4A72C22F674868B6455 /* Pods_KevCodexIOS.framework */,
				F933B0E4392F61695BCE6056 /* Pods_KevCodexIOSTests.framework */,
			);
			name = Frameworks;
			sourceTree = "<group>";
		};
		4E884E9D1EFC7EDE00A19C5F = {
			isa = PBXGroup;
			children = (
				4E884EA81EFC7EDE00A19C5F /* KevCodexIOS */,
				4E884EBD1EFC7EDE00A19C5F /* KevCodexIOSTests */,
				4E884EA71EFC7EDE00A19C5F /* Products */,
				5ACB0ABB7D384CFC48054059 /* Pods */,
				0CC3A2172F1A1E45A71A942F /* Frameworks */,
			);
			sourceTree = "<group>";
		};
		4E884EA71EFC7EDE00A19C5F /* Products */ = {
			isa = PBXGroup;
			children = (
				4E884EA61EFC7EDE00A19C5F /* KevCodexIOS.app */,
				4E884EBA1EFC7EDE00A19C5F /* KevCodexIOSTests.xctest */,
			);
			name = Products;
			sourceTree = "<group>";
		};
		4E884EA81EFC7EDE00A19C5F /* KevCodexIOS */ = {
			isa = PBXGroup;
			children = (
				0A0114B7220E4EB000F0581B /* App */,
				0A0114BF220E60AF00F0581B /* Features */,
				0A5AF30F220A758C0093A77A /* Networking */,
				4E884ED21EFC7F4D00A19C5F /* Helpers */,
				4E884EDF1EFC7F4D00A19C5F /* Views */,
				0A0114B1220E4AA700F0581B /* Utilities */,
				0A5AF30C220A69FD0093A77A /* LegacyNetworkLayer */,
				4E884EB01EFC7EDE00A19C5F /* Assets.xcassets */,
				4E884EB21EFC7EDE00A19C5F /* LaunchScreen.storyboard */,
				4E884EB51EFC7EDE00A19C5F /* Info.plist */,
			);
			path = KevCodexIOS;
			sourceTree = "<group>";
		};
		4E884EBD1EFC7EDE00A19C5F /* KevCodexIOSTests */ = {
			isa = PBXGroup;
			children = (
				4E884EBE1EFC7EDE00A19C5F /* KevCodexIOSTests.swift */,
				4E884EC01EFC7EDE00A19C5F /* Info.plist */,
			);
			path = KevCodexIOSTests;
			sourceTree = "<group>";
		};
		4E884ECA1EFC7F4D00A19C5F /* Project */ = {
			isa = PBXGroup;
			children = (
				4E884EAD1EFC7EDE00A19C5F /* Project.storyboard */,
				0A0114C5220F50CC00F0581B /* ProjectCoordinator.swift */,
				0ACA681622126DE200CF6BA1 /* ProjectWorker.swift */,
				4E884ECF1EFC7F4D00A19C5F /* ProjectListViewController.swift */,
				4E884ECD1EFC7F4D00A19C5F /* ProjectDetailsViewController.swift */,
				0A78F47B2214DA0300386DE8 /* ProjectEditorViewController.swift */,
				4E884ECE1EFC7F4D00A19C5F /* ProjectFeedCell.swift */,
				0A0114C3220F495600F0581B /* ProjectDetailTransitioner.swift */,
				4E884EDC1EFC7F4D00A19C5F /* Models */,
			);
			path = Project;
			sourceTree = "<group>";
		};
		4E884ED01EFC7F4D00A19C5F /* Extensions */ = {
			isa = PBXGroup;
			children = (
				4E884ED11EFC7F4D00A19C5F /* UIImage+Extensions.swift */,
				0ACA680C2211F1E600CF6BA1 /* String+NonEmpty.swift */,
				0ACA68102212215E00CF6BA1 /* Thread+PerformOnMain.swift */,
				0A78F01D22148ADB00386DE8 /* UIViewController+Extensions.swift */,
			);
			path = Extensions;
			sourceTree = "<group>";
		};
		4E884ED21EFC7F4D00A19C5F /* Helpers */ = {
			isa = PBXGroup;
			children = (
				4E884ED31EFC7F4D00A19C5F /* ActivityIndicatorPresenter.swift */,
				844B14B71FFAAB3700D94C04 /* Image Loader */,
			);
			path = Helpers;
			sourceTree = "<group>";
		};
		4E884EDC1EFC7F4D00A19C5F /* Models */ = {
			isa = PBXGroup;
			children = (
				0A5AF310220A7B4B0093A77A /* Project.swift */,
			);
			path = Models;
			sourceTree = "<group>";
		};
		4E884EDF1EFC7F4D00A19C5F /* Views */ = {
			isa = PBXGroup;
			children = (
				4E884EE01EFC7F4D00A19C5F /* ActivityProgressHud.swift */,
				0AC4ACE9221619F900547754 /* CustomTextView.swift */,
			);
			path = Views;
			sourceTree = "<group>";
		};
		5ACB0ABB7D384CFC48054059 /* Pods */ = {
			isa = PBXGroup;
			children = (
				A45217BA98B915EA8ED66D42 /* Pods-KevCodexIOS.debug.xcconfig */,
				D04318F58AF4FA3AC8221C0B /* Pods-KevCodexIOS.release.xcconfig */,
				DE7516479304D850624BF10B /* Pods-KevCodexIOSTests.debug.xcconfig */,
				5E5D77E3F1C0C7FFCB5D5923 /* Pods-KevCodexIOSTests.release.xcconfig */,
			);
			name = Pods;
			sourceTree = "<group>";
		};
		844B14B71FFAAB3700D94C04 /* Image Loader */ = {
			isa = PBXGroup;
			children = (
				84FFE6DE1FFA951700F35B9E /* ImageLoader.swift */,
				844B14B51FFAAB3200D94C04 /* ImageLoaderError.swift */,
			);
			path = "Image Loader";
			sourceTree = "<group>";
		};
/* End PBXGroup section */

/* Begin PBXNativeTarget section */
		4E884EA51EFC7EDE00A19C5F /* KevCodexIOS */ = {
			isa = PBXNativeTarget;
			buildConfigurationList = 4E884EC31EFC7EDE00A19C5F /* Build configuration list for PBXNativeTarget "KevCodexIOS" */;
			buildPhases = (
				72BE6D161A923CDA97B37702 /* [CP] Check Pods Manifest.lock */,
				4E884EA21EFC7EDE00A19C5F /* Sources */,
				4E884EA31EFC7EDE00A19C5F /* Frameworks */,
				4E884EA41EFC7EDE00A19C5F /* Resources */,
				70A2EBA2CD29653938BAC239 /* [CP] Embed Pods Frameworks */,
			);
			buildRules = (
			);
			dependencies = (
			);
			name = KevCodexIOS;
			productName = SampleProject;
			productReference = 4E884EA61EFC7EDE00A19C5F /* KevCodexIOS.app */;
			productType = "com.apple.product-type.application";
		};
		4E884EB91EFC7EDE00A19C5F /* KevCodexIOSTests */ = {
			isa = PBXNativeTarget;
			buildConfigurationList = 4E884EC61EFC7EDE00A19C5F /* Build configuration list for PBXNativeTarget "KevCodexIOSTests" */;
			buildPhases = (
				39C9A77AA61F6A288D2597AD /* [CP] Check Pods Manifest.lock */,
				4E884EB61EFC7EDE00A19C5F /* Sources */,
				4E884EB71EFC7EDE00A19C5F /* Frameworks */,
				4E884EB81EFC7EDE00A19C5F /* Resources */,
			);
			buildRules = (
			);
			dependencies = (
				4E884EBC1EFC7EDE00A19C5F /* PBXTargetDependency */,
			);
			name = KevCodexIOSTests;
			productName = SampleProjectTests;
			productReference = 4E884EBA1EFC7EDE00A19C5F /* KevCodexIOSTests.xctest */;
			productType = "com.apple.product-type.bundle.unit-test";
		};
/* End PBXNativeTarget section */

/* Begin PBXProject section */
		4E884E9E1EFC7EDE00A19C5F /* Project object */ = {
			isa = PBXProject;
			attributes = {
				LastSwiftUpdateCheck = 0830;
				LastUpgradeCheck = 0940;
				ORGANIZATIONNAME = Kirby;
				TargetAttributes = {
					4E884EA51EFC7EDE00A19C5F = {
						CreatedOnToolsVersion = 8.3.3;
						DevelopmentTeam = 7U5UFZ4SY4;
						LastSwiftMigration = 1000;
						ProvisioningStyle = Automatic;
					};
					4E884EB91EFC7EDE00A19C5F = {
						CreatedOnToolsVersion = 8.3.3;
						DevelopmentTeam = 7U5UFZ4SY4;
						LastSwiftMigration = 1000;
						ProvisioningStyle = Automatic;
						TestTargetID = 4E884EA51EFC7EDE00A19C5F;
					};
				};
			};
			buildConfigurationList = 4E884EA11EFC7EDE00A19C5F /* Build configuration list for PBXProject "KevCodexIOS" */;
			compatibilityVersion = "Xcode 3.2";
			developmentRegion = English;
			hasScannedForEncodings = 0;
			knownRegions = (
				en,
				Base,
			);
			mainGroup = 4E884E9D1EFC7EDE00A19C5F;
			productRefGroup = 4E884EA71EFC7EDE00A19C5F /* Products */;
			projectDirPath = "";
			projectRoot = "";
			targets = (
				4E884EA51EFC7EDE00A19C5F /* KevCodexIOS */,
				4E884EB91EFC7EDE00A19C5F /* KevCodexIOSTests */,
			);
		};
/* End PBXProject section */

/* Begin PBXResourcesBuildPhase section */
		4E884EA41EFC7EDE00A19C5F /* Resources */ = {
			isa = PBXResourcesBuildPhase;
			buildActionMask = 2147483647;
			files = (
				0A0114B5220E4B2A00F0581B /* Authentication.storyboard in Resources */,
				0A78F01522134AC100386DE8 /* Main.storyboard in Resources */,
				4E884EB41EFC7EDE00A19C5F /* LaunchScreen.storyboard in Resources */,
				4E884EB11EFC7EDE00A19C5F /* Assets.xcassets in Resources */,
				4E884EAF1EFC7EDE00A19C5F /* Project.storyboard in Resources */,
			);
			runOnlyForDeploymentPostprocessing = 0;
		};
		4E884EB81EFC7EDE00A19C5F /* Resources */ = {
			isa = PBXResourcesBuildPhase;
			buildActionMask = 2147483647;
			files = (
			);
			runOnlyForDeploymentPostprocessing = 0;
		};
/* End PBXResourcesBuildPhase section */

/* Begin PBXShellScriptBuildPhase section */
		39C9A77AA61F6A288D2597AD /* [CP] Check Pods Manifest.lock */ = {
			isa = PBXShellScriptBuildPhase;
			buildActionMask = 2147483647;
			files = (
			);
			inputFileListPaths = (
			);
			inputPaths = (
				"${PODS_PODFILE_DIR_PATH}/Podfile.lock",
				"${PODS_ROOT}/Manifest.lock",
			);
			name = "[CP] Check Pods Manifest.lock";
			outputFileListPaths = (
			);
			outputPaths = (
				"$(DERIVED_FILE_DIR)/Pods-KevCodexIOSTests-checkManifestLockResult.txt",
			);
			runOnlyForDeploymentPostprocessing = 0;
			shellPath = /bin/sh;
			shellScript = "diff \"${PODS_PODFILE_DIR_PATH}/Podfile.lock\" \"${PODS_ROOT}/Manifest.lock\" > /dev/null\nif [ $? != 0 ] ; then\n    # print error to STDERR\n    echo \"error: The sandbox is not in sync with the Podfile.lock. Run 'pod install' or update your CocoaPods installation.\" >&2\n    exit 1\nfi\n# This output is used by Xcode 'outputs' to avoid re-running this script phase.\necho \"SUCCESS\" > \"${SCRIPT_OUTPUT_FILE_0}\"\n";
			showEnvVarsInLog = 0;
		};
		70A2EBA2CD29653938BAC239 /* [CP] Embed Pods Frameworks */ = {
			isa = PBXShellScriptBuildPhase;
			buildActionMask = 2147483647;
			files = (
			);
			inputFileListPaths = (
			);
			inputPaths = (
				"${SRCROOT}/Pods/Target Support Files/Pods-KevCodexIOS/Pods-KevCodexIOS-frameworks.sh",
				"${BUILT_PRODUCTS_DIR}/MiniNe/MiniNe.framework",
			);
			name = "[CP] Embed Pods Frameworks";
			outputFileListPaths = (
			);
			outputPaths = (
				"${TARGET_BUILD_DIR}/${FRAMEWORKS_FOLDER_PATH}/MiniNe.framework",
			);
			runOnlyForDeploymentPostprocessing = 0;
			shellPath = /bin/sh;
			shellScript = "\"${SRCROOT}/Pods/Target Support Files/Pods-KevCodexIOS/Pods-KevCodexIOS-frameworks.sh\"\n";
			showEnvVarsInLog = 0;
		};
		72BE6D161A923CDA97B37702 /* [CP] Check Pods Manifest.lock */ = {
			isa = PBXShellScriptBuildPhase;
			buildActionMask = 2147483647;
			files = (
			);
			inputFileListPaths = (
			);
			inputPaths = (
				"${PODS_PODFILE_DIR_PATH}/Podfile.lock",
				"${PODS_ROOT}/Manifest.lock",
			);
			name = "[CP] Check Pods Manifest.lock";
			outputFileListPaths = (
			);
			outputPaths = (
				"$(DERIVED_FILE_DIR)/Pods-KevCodexIOS-checkManifestLockResult.txt",
			);
			runOnlyForDeploymentPostprocessing = 0;
			shellPath = /bin/sh;
			shellScript = "diff \"${PODS_PODFILE_DIR_PATH}/Podfile.lock\" \"${PODS_ROOT}/Manifest.lock\" > /dev/null\nif [ $? != 0 ] ; then\n    # print error to STDERR\n    echo \"error: The sandbox is not in sync with the Podfile.lock. Run 'pod install' or update your CocoaPods installation.\" >&2\n    exit 1\nfi\n# This output is used by Xcode 'outputs' to avoid re-running this script phase.\necho \"SUCCESS\" > \"${SCRIPT_OUTPUT_FILE_0}\"\n";
			showEnvVarsInLog = 0;
		};
/* End PBXShellScriptBuildPhase section */

/* Begin PBXSourcesBuildPhase section */
		4E884EA21EFC7EDE00A19C5F /* Sources */ = {
			isa = PBXSourcesBuildPhase;
			buildActionMask = 2147483647;
			files = (
				0A0114C4220F495600F0581B /* ProjectDetailTransitioner.swift in Sources */,
				0A0117092211ED3300F0581B /* AuthenticationNetworkRequest.swift in Sources */,
				0AC4ACEA221619F900547754 /* CustomTextView.swift in Sources */,
				0A0114CA220F5C2E00F0581B /* CoordinatorWithChildren.swift in Sources */,
				0A0114BE220E514B00F0581B /* LoginViewController.swift in Sources */,
				4E884EE71EFC7F4D00A19C5F /* ActivityIndicatorPresenter.swift in Sources */,
				4E884EAA1EFC7EDE00A19C5F /* AppDelegate.swift in Sources */,
				0A0114BB220E4ECC00F0581B /* AppCoordinator.swift in Sources */,
				0A78F47C2214DA0300386DE8 /* ProjectEditorViewController.swift in Sources */,
				0ACA68112212215E00CF6BA1 /* Thread+PerformOnMain.swift in Sources */,
				84FFE6DF1FFA951700F35B9E /* ImageLoader.swift in Sources */,
				4E884EE41EFC7F4D00A19C5F /* ProjectFeedCell.swift in Sources */,
				0ACA6815221231D400CF6BA1 /* Credentials.swift in Sources */,
				4E884EE51EFC7F4D00A19C5F /* ProjectListViewController.swift in Sources */,
				0A0114BA220E4ECC00F0581B /* App.swift in Sources */,
				0A78F013221340A200386DE8 /* MainCoordinator.swift in Sources */,
				0A5AF311220A7B4B0093A77A /* Project.swift in Sources */,
				0ACA680D2211F1E600CF6BA1 /* String+NonEmpty.swift in Sources */,
				0A0114C6220F50CC00F0581B /* ProjectCoordinator.swift in Sources */,
				0ACA680F2212201F00CF6BA1 /* User.swift in Sources */,
				4E884EEE1EFC7F4D00A19C5F /* Result.swift in Sources */,
				4E884EE61EFC7F4D00A19C5F /* UIImage+Extensions.swift in Sources */,
				4E884EE21EFC7F4D00A19C5F /* CustomTransitionController.swift in Sources */,
				4E884EF11EFC7F4D00A19C5F /* ActivityProgressHud.swift in Sources */,
				0A78F01E22148ADB00386DE8 /* UIViewController+Extensions.swift in Sources */,
				844B14B61FFAAB3200D94C04 /* ImageLoaderError.swift in Sources */,
				0A0114B3220E4AEC00F0581B /* StoryboardInitializable.swift in Sources */,
				4E884EE11EFC7F4D00A19C5F /* CustomDismissController.swift in Sources */,
				0ACA681722126DE200CF6BA1 /* ProjectWorker.swift in Sources */,
				4E884EE31EFC7F4D00A19C5F /* ProjectDetailsViewController.swift in Sources */,
				0A5AF30E220A75840093A77A /* ProjectsNetworkRequest.swift in Sources */,
				0A78F018221367EC00386DE8 /* MainTabBarController.swift in Sources */,
				0A78F01C2213D4AC00386DE8 /* StoryboardNavigationInitializable.swift in Sources */,
				0ACA6813221227BD00CF6BA1 /* AuthenticationWorker.swift in Sources */,
				0A0114C8220F546A00F0581B /* Coordinator.swift in Sources */,
				0A78F01A22139F0D00386DE8 /* AccessToken.swift in Sources */,
			);
			runOnlyForDeploymentPostprocessing = 0;
		};
		4E884EB61EFC7EDE00A19C5F /* Sources */ = {
			isa = PBXSourcesBuildPhase;
			buildActionMask = 2147483647;
			files = (
				4E884EBF1EFC7EDE00A19C5F /* KevCodexIOSTests.swift in Sources */,
			);
			runOnlyForDeploymentPostprocessing = 0;
		};
/* End PBXSourcesBuildPhase section */

/* Begin PBXTargetDependency section */
		4E884EBC1EFC7EDE00A19C5F /* PBXTargetDependency */ = {
			isa = PBXTargetDependency;
			target = 4E884EA51EFC7EDE00A19C5F /* KevCodexIOS */;
			targetProxy = 4E884EBB1EFC7EDE00A19C5F /* PBXContainerItemProxy */;
		};
/* End PBXTargetDependency section */

/* Begin PBXVariantGroup section */
		4E884EAD1EFC7EDE00A19C5F /* Project.storyboard */ = {
			isa = PBXVariantGroup;
			children = (
				4E884EAE1EFC7EDE00A19C5F /* Base */,
			);
			name = Project.storyboard;
			sourceTree = "<group>";
		};
		4E884EB21EFC7EDE00A19C5F /* LaunchScreen.storyboard */ = {
			isa = PBXVariantGroup;
			children = (
				4E884EB31EFC7EDE00A19C5F /* Base */,
			);
			name = LaunchScreen.storyboard;
			sourceTree = "<group>";
		};
/* End PBXVariantGroup section */

/* Begin XCBuildConfiguration section */
		4E884EC11EFC7EDE00A19C5F /* Debug */ = {
			isa = XCBuildConfiguration;
			buildSettings = {
				ALWAYS_SEARCH_USER_PATHS = NO;
				CLANG_ANALYZER_NONNULL = YES;
				CLANG_ANALYZER_NUMBER_OBJECT_CONVERSION = YES_AGGRESSIVE;
				CLANG_CXX_LANGUAGE_STANDARD = "gnu++0x";
				CLANG_CXX_LIBRARY = "libc++";
				CLANG_ENABLE_MODULES = YES;
				CLANG_ENABLE_OBJC_ARC = YES;
				CLANG_WARN_BLOCK_CAPTURE_AUTORELEASING = YES;
				CLANG_WARN_BOOL_CONVERSION = YES;
				CLANG_WARN_COMMA = YES;
				CLANG_WARN_CONSTANT_CONVERSION = YES;
				CLANG_WARN_DEPRECATED_OBJC_IMPLEMENTATIONS = YES;
				CLANG_WARN_DIRECT_OBJC_ISA_USAGE = YES_ERROR;
				CLANG_WARN_DOCUMENTATION_COMMENTS = YES;
				CLANG_WARN_EMPTY_BODY = YES;
				CLANG_WARN_ENUM_CONVERSION = YES;
				CLANG_WARN_INFINITE_RECURSION = YES;
				CLANG_WARN_INT_CONVERSION = YES;
				CLANG_WARN_NON_LITERAL_NULL_CONVERSION = YES;
				CLANG_WARN_OBJC_IMPLICIT_RETAIN_SELF = YES;
				CLANG_WARN_OBJC_LITERAL_CONVERSION = YES;
				CLANG_WARN_OBJC_ROOT_CLASS = YES_ERROR;
				CLANG_WARN_RANGE_LOOP_ANALYSIS = YES;
				CLANG_WARN_STRICT_PROTOTYPES = YES;
				CLANG_WARN_SUSPICIOUS_MOVE = YES;
				CLANG_WARN_UNREACHABLE_CODE = YES;
				CLANG_WARN__DUPLICATE_METHOD_MATCH = YES;
				"CODE_SIGN_IDENTITY[sdk=iphoneos*]" = "iPhone Developer";
				COPY_PHASE_STRIP = NO;
				DEBUG_INFORMATION_FORMAT = dwarf;
				ENABLE_STRICT_OBJC_MSGSEND = YES;
				ENABLE_TESTABILITY = YES;
				GCC_C_LANGUAGE_STANDARD = gnu99;
				GCC_DYNAMIC_NO_PIC = NO;
				GCC_NO_COMMON_BLOCKS = YES;
				GCC_OPTIMIZATION_LEVEL = 0;
				GCC_PREPROCESSOR_DEFINITIONS = (
					"DEBUG=1",
					"$(inherited)",
				);
				GCC_WARN_64_TO_32_BIT_CONVERSION = YES;
				GCC_WARN_ABOUT_RETURN_TYPE = YES_ERROR;
				GCC_WARN_UNDECLARED_SELECTOR = YES;
				GCC_WARN_UNINITIALIZED_AUTOS = YES_AGGRESSIVE;
				GCC_WARN_UNUSED_FUNCTION = YES;
				GCC_WARN_UNUSED_VARIABLE = YES;
				IPHONEOS_DEPLOYMENT_TARGET = 10.3;
				MTL_ENABLE_DEBUG_INFO = YES;
				ONLY_ACTIVE_ARCH = YES;
				SDKROOT = iphoneos;
				SWIFT_ACTIVE_COMPILATION_CONDITIONS = DEBUG;
				SWIFT_OPTIMIZATION_LEVEL = "-Onone";
				TARGETED_DEVICE_FAMILY = "1,2";
			};
			name = Debug;
		};
		4E884EC21EFC7EDE00A19C5F /* Release */ = {
			isa = XCBuildConfiguration;
			buildSettings = {
				ALWAYS_SEARCH_USER_PATHS = NO;
				CLANG_ANALYZER_NONNULL = YES;
				CLANG_ANALYZER_NUMBER_OBJECT_CONVERSION = YES_AGGRESSIVE;
				CLANG_CXX_LANGUAGE_STANDARD = "gnu++0x";
				CLANG_CXX_LIBRARY = "libc++";
				CLANG_ENABLE_MODULES = YES;
				CLANG_ENABLE_OBJC_ARC = YES;
				CLANG_WARN_BLOCK_CAPTURE_AUTORELEASING = YES;
				CLANG_WARN_BOOL_CONVERSION = YES;
				CLANG_WARN_COMMA = YES;
				CLANG_WARN_CONSTANT_CONVERSION = YES;
				CLANG_WARN_DEPRECATED_OBJC_IMPLEMENTATIONS = YES;
				CLANG_WARN_DIRECT_OBJC_ISA_USAGE = YES_ERROR;
				CLANG_WARN_DOCUMENTATION_COMMENTS = YES;
				CLANG_WARN_EMPTY_BODY = YES;
				CLANG_WARN_ENUM_CONVERSION = YES;
				CLANG_WARN_INFINITE_RECURSION = YES;
				CLANG_WARN_INT_CONVERSION = YES;
				CLANG_WARN_NON_LITERAL_NULL_CONVERSION = YES;
				CLANG_WARN_OBJC_IMPLICIT_RETAIN_SELF = YES;
				CLANG_WARN_OBJC_LITERAL_CONVERSION = YES;
				CLANG_WARN_OBJC_ROOT_CLASS = YES_ERROR;
				CLANG_WARN_RANGE_LOOP_ANALYSIS = YES;
				CLANG_WARN_STRICT_PROTOTYPES = YES;
				CLANG_WARN_SUSPICIOUS_MOVE = YES;
				CLANG_WARN_UNREACHABLE_CODE = YES;
				CLANG_WARN__DUPLICATE_METHOD_MATCH = YES;
				"CODE_SIGN_IDENTITY[sdk=iphoneos*]" = "iPhone Developer";
				COPY_PHASE_STRIP = NO;
				DEBUG_INFORMATION_FORMAT = "dwarf-with-dsym";
				ENABLE_NS_ASSERTIONS = NO;
				ENABLE_STRICT_OBJC_MSGSEND = YES;
				GCC_C_LANGUAGE_STANDARD = gnu99;
				GCC_NO_COMMON_BLOCKS = YES;
				GCC_WARN_64_TO_32_BIT_CONVERSION = YES;
				GCC_WARN_ABOUT_RETURN_TYPE = YES_ERROR;
				GCC_WARN_UNDECLARED_SELECTOR = YES;
				GCC_WARN_UNINITIALIZED_AUTOS = YES_AGGRESSIVE;
				GCC_WARN_UNUSED_FUNCTION = YES;
				GCC_WARN_UNUSED_VARIABLE = YES;
				IPHONEOS_DEPLOYMENT_TARGET = 10.3;
				MTL_ENABLE_DEBUG_INFO = NO;
				SDKROOT = iphoneos;
				SWIFT_OPTIMIZATION_LEVEL = "-Owholemodule";
				TARGETED_DEVICE_FAMILY = "1,2";
				VALIDATE_PRODUCT = YES;
			};
			name = Release;
		};
		4E884EC41EFC7EDE00A19C5F /* Debug */ = {
			isa = XCBuildConfiguration;
			baseConfigurationReference = A45217BA98B915EA8ED66D42 /* Pods-KevCodexIOS.debug.xcconfig */;
			buildSettings = {
				API_ENDPOINT = "http://localhost:8080";
				ASSETCATALOG_COMPILER_APPICON_NAME = AppIcon;
				DEVELOPMENT_TEAM = 7U5UFZ4SY4;
				INFOPLIST_FILE = "$(SRCROOT)/KevCodexIOS/Info.plist";
				IPHONEOS_DEPLOYMENT_TARGET = 10.0;
				LD_RUNPATH_SEARCH_PATHS = "$(inherited) @executable_path/Frameworks";
				PRODUCT_BUNDLE_IDENTIFIER = iphone.kirby.SampleProject;
				PRODUCT_NAME = "$(TARGET_NAME)";
				SWIFT_VERSION = 4.2;
			};
			name = Debug;
		};
		4E884EC51EFC7EDE00A19C5F /* Release */ = {
			isa = XCBuildConfiguration;
			baseConfigurationReference = D04318F58AF4FA3AC8221C0B /* Pods-KevCodexIOS.release.xcconfig */;
			buildSettings = {
				API_ENDPOINT = "https://kevcodex.com";
				ASSETCATALOG_COMPILER_APPICON_NAME = AppIcon;
				DEVELOPMENT_TEAM = 7U5UFZ4SY4;
				INFOPLIST_FILE = "$(SRCROOT)/KevCodexIOS/Info.plist";
				IPHONEOS_DEPLOYMENT_TARGET = 10.0;
				LD_RUNPATH_SEARCH_PATHS = "$(inherited) @executable_path/Frameworks";
				PRODUCT_BUNDLE_IDENTIFIER = iphone.kirby.SampleProject;
				PRODUCT_NAME = "$(TARGET_NAME)";
				SWIFT_VERSION = 4.2;
			};
			name = Release;
		};
		4E884EC71EFC7EDE00A19C5F /* Debug */ = {
			isa = XCBuildConfiguration;
			baseConfigurationReference = DE7516479304D850624BF10B /* Pods-KevCodexIOSTests.debug.xcconfig */;
			buildSettings = {
				ALWAYS_EMBED_SWIFT_STANDARD_LIBRARIES = YES;
				BUNDLE_LOADER = "$(TEST_HOST)";
				DEVELOPMENT_TEAM = 7U5UFZ4SY4;
				INFOPLIST_FILE = GameViewerTests/Info.plist;
				LD_RUNPATH_SEARCH_PATHS = "$(inherited) @executable_path/Frameworks @loader_path/Frameworks";
				PRODUCT_BUNDLE_IDENTIFIER = iphone.kirby.SampleProjectTests;
				PRODUCT_NAME = "$(TARGET_NAME)";
				SWIFT_VERSION = 4.2;
				TEST_HOST = "$(BUILT_PRODUCTS_DIR)/KevCodexIOS.app/KevCodexIOS";
			};
			name = Debug;
		};
		4E884EC81EFC7EDE00A19C5F /* Release */ = {
			isa = XCBuildConfiguration;
			baseConfigurationReference = 5E5D77E3F1C0C7FFCB5D5923 /* Pods-KevCodexIOSTests.release.xcconfig */;
			buildSettings = {
				ALWAYS_EMBED_SWIFT_STANDARD_LIBRARIES = YES;
				BUNDLE_LOADER = "$(TEST_HOST)";
				DEVELOPMENT_TEAM = 7U5UFZ4SY4;
				INFOPLIST_FILE = GameViewerTests/Info.plist;
				LD_RUNPATH_SEARCH_PATHS = "$(inherited) @executable_path/Frameworks @loader_path/Frameworks";
				PRODUCT_BUNDLE_IDENTIFIER = iphone.kirby.SampleProjectTests;
				PRODUCT_NAME = "$(TARGET_NAME)";
				SWIFT_VERSION = 4.2;
				TEST_HOST = "$(BUILT_PRODUCTS_DIR)/KevCodexIOS.app/KevCodexIOS";
			};
			name = Release;
		};
/* End XCBuildConfiguration section */

/* Begin XCConfigurationList section */
		4E884EA11EFC7EDE00A19C5F /* Build configuration list for PBXProject "KevCodexIOS" */ = {
			isa = XCConfigurationList;
			buildConfigurations = (
				4E884EC11EFC7EDE00A19C5F /* Debug */,
				4E884EC21EFC7EDE00A19C5F /* Release */,
			);
			defaultConfigurationIsVisible = 0;
			defaultConfigurationName = Release;
		};
		4E884EC31EFC7EDE00A19C5F /* Build configuration list for PBXNativeTarget "KevCodexIOS" */ = {
			isa = XCConfigurationList;
			buildConfigurations = (
				4E884EC41EFC7EDE00A19C5F /* Debug */,
				4E884EC51EFC7EDE00A19C5F /* Release */,
			);
			defaultConfigurationIsVisible = 0;
			defaultConfigurationName = Release;
		};
		4E884EC61EFC7EDE00A19C5F /* Build configuration list for PBXNativeTarget "KevCodexIOSTests" */ = {
			isa = XCConfigurationList;
			buildConfigurations = (
				4E884EC71EFC7EDE00A19C5F /* Debug */,
				4E884EC81EFC7EDE00A19C5F /* Release */,
			);
			defaultConfigurationIsVisible = 0;
			defaultConfigurationName = Release;
		};
/* End XCConfigurationList section */
	};
	rootObject = 4E884E9E1EFC7EDE00A19C5F /* Project object */;
}
