{
  "object": {
    "pins": [
      {
        "package": "BSON",
        "repositoryURL": "https://github.com/OpenKitten/BSON.git",
        "state": {
          "branch": null,
          "revision": "dc0f39faeaab3febd7706592e52cf6f4edfe8ea2",
          "version": "5.2.4"
        }
      },
      {
        "package": "Cheetah",
        "repositoryURL": "https://github.com/OpenKitten/Cheetah.git",
        "state": {
          "branch": null,
          "revision": "801f4fa278670719bec074b708241878ad5fb25e",
          "version": "2.0.2"
        }
      },
      {
        "package": "CryptoKitten",
        "repositoryURL": "https://github.com/OpenKitten/CryptoKitten.git",
        "state": {
          "branch": null,
          "revision": "bf7a4d6dbd6f4bbd96ae620101239446d2cdd3f9",
          "version": "0.2.3"
        }
      },
      {
        "package": "MongoKitten",
        "repositoryURL": "https://github.com/OpenKitten/MongoKitten.git",
        "state": {
          "branch": null,
          "revision": "f564cc39c6088c23bbafd7ea8910dc270517b77e",
          "version": "4.1.3"
        }
      },
      {
        "package": "COpenSSL",
        "repositoryURL": "https://github.com/PerfectlySoft/Perfect-COpenSSL.git",
        "state": {
          "branch": null,
          "revision": "b8bd953a390940b486ce8119a61c8d5ad9d5c31c",
          "version": "3.1.5"
        }
      },
      {
        "package": "PerfectCrypto",
        "repositoryURL": "https://github.com/PerfectlySoft/Perfect-Crypto.git",
        "state": {
          "branch": null,
          "revision": "54e0f7c2a9d7355fca3c23e0f88096ac3765e08b",
          "version": "3.1.2"
        }
      },
      {
        "package": "PerfectCURL",
        "repositoryURL": "https://github.com/PerfectlySoft/Perfect-CURL.git",
        "state": {
          "branch": null,
          "revision": "08ba26c7b768e9e2096d1fe475e0cef733b98a75",
          "version": "3.0.7"
        }
      },
      {
        "package": "PerfectCZlib",
        "repositoryURL": "https://github.com/PerfectlySoft/Perfect-CZlib-src.git",
        "state": {
          "branch": null,
          "revision": "b63e46909aad937c6434766f8f8c6720d8f3bd05",
          "version": "0.0.4"
        }
      },
      {
        "package": "PerfectHTTP",
        "repositoryURL": "https://github.com/PerfectlySoft/Perfect-HTTP.git",
        "state": {
          "branch": null,
          "revision": "5ad1f4bb8f60447f308b8d8d35289c5a1d74c54f",
          "version": "3.1.3"
        }
      },
      {
        "package": "PerfectHTTPServer",
        "repositoryURL": "https://github.com/PerfectlySoft/Perfect-HTTPServer.git",
        "state": {
          "branch": null,
          "revision": "9b31c02d5acfbd381dbfd944ec4cef2870854186",
          "version": "3.0.18"
        }
      },
      {
        "package": "cURL",
        "repositoryURL": "https://github.com/PerfectlySoft/Perfect-libcurl.git",
        "state": {
          "branch": null,
          "revision": "672f6695d9ae04fce16ad01decef0649e0b872b0",
          "version": "2.0.6"
        }
      },
      {
        "package": "PerfectLogger",
        "repositoryURL": "https://github.com/PerfectlySoft/Perfect-Logger.git",
        "state": {
          "branch": null,
          "revision": "00bd1cf9d01657c73d7b3d27d5cc6437cc583f39",
          "version": "3.1.0"
        }
      },
      {
        "package": "PerfectNet",
        "repositoryURL": "https://github.com/PerfectlySoft/Perfect-Net.git",
        "state": {
          "branch": null,
          "revision": "a04974a9abf20adea2082e802e20ee9cce829eeb",
          "version": "3.2.1"
        }
      },
      {
        "package": "PerfectThread",
        "repositoryURL": "https://github.com/PerfectlySoft/Perfect-Thread.git",
        "state": {
          "branch": null,
          "revision": "04fcd2d29f50e05dbca907219322fd475c205c33",
          "version": "3.0.5"
        }
      },
      {
        "package": "PerfectWebRedirects",
        "repositoryURL": "https://github.com/PerfectlySoft/Perfect-WebRedirects",
        "state": {
          "branch": null,
          "revision": "84d2d6edc6cbe333c7d6b4dfc909bdf579eedaa1",
          "version": "3.0.1"
        }
      },
      {
        "package": "PerfectLib",
        "repositoryURL": "https://github.com/PerfectlySoft/PerfectLib.git",
        "state": {
          "branch": null,
          "revision": "60e44e4c62e293844581205528eefdc7e1153199",
          "version": "3.1.2"
        }
      },
      {
        "package": "Schrodinger",
        "repositoryURL": "https://github.com/OpenKitten/Schrodinger.git",
        "state": {
          "branch": null,
          "revision": "d7030fe0a4a6eeddc02044650a8b409a4f57365a",
          "version": "1.0.1"
        }
      }
    ]
  },
  "version": 1
}
