PODS:
  - FontAwesome.swift (1.7.0)
  - MiniNe (1.3.4)

DEPENDENCIES:
  - FontAwesome.swift (= 1.7.0)
  - MiniNe (= 1.3.4)

SPEC REPOS:
  https://github.com/cocoapods/specs.git:
    - FontAwesome.swift
  https://github.com/kevcodex/kevcodex-podspecs.git:
    - MiniNe

SPEC CHECKSUMS:
  FontAwesome.swift: 9f377615aa61381796dca143cddfd2a388723ea1
  MiniNe: 91c5f5db357c69cbd89b3fe5f31de3e67ab636be

PODFILE CHECKSUM: 1ec48f91edcf58a9c75d1949654a1ca65ece9bdb

COCOAPODS: 1.5.3
